
Microsoft Visual Studio Solution File, Format Version 12.00
# Visual Studio Version 17
VisualStudioVersion = 17.4.33110.190
MinimumVisualStudioVersion = 10.0.40219.1
Project("{8BC9CEB8-8B4A-11D0-8D11-00A0C91BC942}") = "Simulacrum", "Simulacrum.vcxproj", "{08EF18EA-844E-46E5-9A6C-A1E886EA203E}"
EndProject
Project("{8BC9CEB8-8B4A-11D0-8D11-00A0C91BC942}") = "CppWinForm1", "..\Graphics-EmptyProject\CppWinForm1.vcxproj", "{EB7D88B9-FC31-40A0-97B2-D91B2DFABF0F}"
EndProject
Global
	GlobalSection(SolutionConfigurationPlatforms) = preSolution
		Debug|x64 = Debug|x64
		Debug|x86 = Debug|x86
		Release|x64 = Release|x64
		Release|x86 = Release|x86
	EndGlobalSection
	GlobalSection(ProjectConfigurationPlatforms) = postSolution
		{08EF18EA-844E-46E5-9A6C-A1E886EA203E}.Debug|x64.ActiveCfg = Debug|x64
		{08EF18EA-844E-46E5-9A6C-A1E886EA203E}.Debug|x64.Build.0 = Debug|x64
		{08EF18EA-844E-46E5-9A6C-A1E886EA203E}.Debug|x86.ActiveCfg = Debug|Win32
		{08EF18EA-844E-46E5-9A6C-A1E886EA203E}.Debug|x86.Build.0 = Debug|Win32
		{08EF18EA-844E-46E5-9A6C-A1E886EA203E}.Release|x64.ActiveCfg = Release|x64
		{08EF18EA-844E-46E5-9A6C-A1E886EA203E}.Release|x64.Build.0 = Release|x64
		{08EF18EA-844E-46E5-9A6C-A1E886EA203E}.Release|x86.ActiveCfg = Release|Win32
		{08EF18EA-844E-46E5-9A6C-A1E886EA203E}.Release|x86.Build.0 = Release|Win32
		{EB7D88B9-FC31-40A0-97B2-D91B2DFABF0F}.Debug|x64.ActiveCfg = Debug|x64
		{EB7D88B9-FC31-40A0-97B2-D91B2DFABF0F}.Debug|x64.Build.0 = Debug|x64
		{EB7D88B9-FC31-40A0-97B2-D91B2DFABF0F}.Debug|x86.ActiveCfg = Debug|Win32
		{EB7D88B9-FC31-40A0-97B2-D91B2DFABF0F}.Debug|x86.Build.0 = Debug|Win32
		{EB7D88B9-FC31-40A0-97B2-D91B2DFABF0F}.Release|x64.ActiveCfg = Release|x64
		{EB7D88B9-FC31-40A0-97B2-D91B2DFABF0F}.Release|x64.Build.0 = Release|x64
		{EB7D88B9-FC31-40A0-97B2-D91B2DFABF0F}.Release|x86.ActiveCfg = Release|Win32
		{EB7D88B9-FC31-40A0-97B2-D91B2DFABF0F}.Release|x86.Build.0 = Release|Win32
	EndGlobalSection
	GlobalSection(SolutionProperties) = preSolution
		HideSolutionNode = FALSE
	EndGlobalSection
	GlobalSection(ExtensibilityGlobals) = postSolution
		SolutionGuid = {273B5497-C35D-46EA-8262-7EC1E67D64B7}
	EndGlobalSection
EndGlobal
